
Microsoft Visual Studio Solution File, Format Version 12.00
# Visual Studio Version 16
VisualStudioVersion = 16.0.30128.74
MinimumVisualStudioVersion = 10.0.40219.1
Project("{FAE04EC0-301F-11D3-BF4B-00C04F79EFBC}") = "TwentyOne", "TwentyOne\TwentyOne.csproj", "{AE59BE47-F151-4FBB-BF1F-459C8E1EF01E}"
EndProject
Project("{FAE04EC0-301F-11D3-BF4B-00C04F79EFBC}") = "Casino", "Casino\Casino.csproj", "{600D6EE0-16D7-4AE4-92EA-8944818BE789}"
EndProject
Global
	GlobalSection(SolutionConfigurationPlatforms) = preSolution
		Debug|Any CPU = Debug|Any CPU
		Release|Any CPU = Release|Any CPU
	EndGlobalSection
	GlobalSection(ProjectConfigurationPlatforms) = postSolution
		{AE59BE47-F151-4FBB-BF1F-459C8E1EF01E}.Debug|Any CPU.ActiveCfg = Debug|Any CPU
		{AE59BE47-F151-4FBB-BF1F-459C8E1EF01E}.Debug|Any CPU.Build.0 = Debug|Any CPU
		{AE59BE47-F151-4FBB-BF1F-459C8E1EF01E}.Release|Any CPU.ActiveCfg = Release|Any CPU
		{AE59BE47-F151-4FBB-BF1F-459C8E1EF01E}.Release|Any CPU.Build.0 = Release|Any CPU
		{600D6EE0-16D7-4AE4-92EA-8944818BE789}.Debug|Any CPU.ActiveCfg = Debug|Any CPU
		{600D6EE0-16D7-4AE4-92EA-8944818BE789}.Debug|Any CPU.Build.0 = Debug|Any CPU
		{600D6EE0-16D7-4AE4-92EA-8944818BE789}.Release|Any CPU.ActiveCfg = Release|Any CPU
		{600D6EE0-16D7-4AE4-92EA-8944818BE789}.Release|Any CPU.Build.0 = Release|Any CPU
	EndGlobalSection
	GlobalSection(SolutionProperties) = preSolution
		HideSolutionNode = FALSE
	EndGlobalSection
	GlobalSection(ExtensibilityGlobals) = postSolution
		SolutionGuid = {C7A4C3D5-2B9B-4494-B1CD-F1C314B9CFBF}
	EndGlobalSection
EndGlobal
